// !$*UTF8*$!
{
	archiveVersion = 1;
	classes = {
	};
	objectVersion = 55;
	objects = {

/* Begin PBXBuildFile section */
		D49B870B27C7E35200E1F169 /* AppDelegate.swift in Sources */ = {isa = PBXBuildFile; fileRef = D49B870A27C7E35200E1F169 /* AppDelegate.swift */; };
		D49B870D27C7E35200E1F169 /* SceneDelegate.swift in Sources */ = {isa = PBXBuildFile; fileRef = D49B870C27C7E35200E1F169 /* SceneDelegate.swift */; };
		D49B870F27C7E35200E1F169 /* ViewController.swift in Sources */ = {isa = PBXBuildFile; fileRef = D49B870E27C7E35200E1F169 /* ViewController.swift */; };
		D49B871227C7E35200E1F169 /* Main.storyboard in Resources */ = {isa = PBXBuildFile; fileRef = D49B871027C7E35200E1F169 /* Main.storyboard */; };
		D49B871427C7E35300E1F169 /* Assets.xcassets in Resources */ = {isa = PBXBuildFile; fileRef = D49B871327C7E35300E1F169 /* Assets.xcassets */; };
		D49B871727C7E35300E1F169 /* LaunchScreen.storyboard in Resources */ = {isa = PBXBuildFile; fileRef = D49B871527C7E35300E1F169 /* LaunchScreen.storyboard */; };
		D49B872227C7E35300E1F169 /* Mantha_DiceGameTests.swift in Sources */ = {isa = PBXBuildFile; fileRef = D49B872127C7E35300E1F169 /* Mantha_DiceGameTests.swift */; };
		D49B872C27C7E35300E1F169 /* Mantha_DiceGameUITests.swift in Sources */ = {isa = PBXBuildFile; fileRef = D49B872B27C7E35300E1F169 /* Mantha_DiceGameUITests.swift */; };
		D49B872E27C7E35300E1F169 /* Mantha_DiceGameUITestsLaunchTests.swift in Sources */ = {isa = PBXBuildFile; fileRef = D49B872D27C7E35300E1F169 /* Mantha_DiceGameUITestsLaunchTests.swift */; };
/* End PBXBuildFile section */

/* Begin PBXContainerItemProxy section */
		D49B871E27C7E35300E1F169 /* PBXContainerItemProxy */ = {
			isa = PBXContainerItemProxy;
			containerPortal = D49B86FF27C7E35200E1F169 /* Project object */;
			proxyType = 1;
			remoteGlobalIDString = D49B870627C7E35200E1F169;
			remoteInfo = Mantha_DiceGame;
		};
		D49B872827C7E35300E1F169 /* PBXContainerItemProxy */ = {
			isa = PBXContainerItemProxy;
			containerPortal = D49B86FF27C7E35200E1F169 /* Project object */;
			proxyType = 1;
			remoteGlobalIDString = D49B870627C7E35200E1F169;
			remoteInfo = Mantha_DiceGame;
		};
/* End PBXContainerItemProxy section */

/* Begin PBXFileReference section */
		D49B870727C7E35200E1F169 /* Mantha_DiceGame.app */ = {isa = PBXFileReference; explicitFileType = wrapper.application; includeInIndex = 0; path = Mantha_DiceGame.app; sourceTree = BUILT_PRODUCTS_DIR; };
		D49B870A27C7E35200E1F169 /* AppDelegate.swift */ = {isa = PBXFileReference; lastKnownFileType = sourcecode.swift; path = AppDelegate.swift; sourceTree = "<group>"; };
		D49B870C27C7E35200E1F169 /* SceneDelegate.swift */ = {isa = PBXFileReference; lastKnownFileType = sourcecode.swift; path = SceneDelegate.swift; sourceTree = "<group>"; };
		D49B870E27C7E35200E1F169 /* ViewController.swift */ = {isa = PBXFileReference; lastKnownFileType = sourcecode.swift; path = ViewController.swift; sourceTree = "<group>"; };
		D49B871127C7E35200E1F169 /* Base */ = {isa = PBXFileReference; lastKnownFileType = file.storyboard; name = Base; path = Base.lproj/Main.storyboard; sourceTree = "<group>"; };
		D49B871327C7E35300E1F169 /* Assets.xcassets */ = {isa = PBXFileReference; lastKnownFileType = folder.assetcatalog; path = Assets.xcassets; sourceTree = "<group>"; };
		D49B871627C7E35300E1F169 /* Base */ = {isa = PBXFileReference; lastKnownFileType = file.storyboard; name = Base; path = Base.lproj/LaunchScreen.storyboard; sourceTree = "<group>"; };
		D49B871827C7E35300E1F169 /* Info.plist */ = {isa = PBXFileReference; lastKnownFileType = text.plist.xml; path = Info.plist; sourceTree = "<group>"; };
		D49B871D27C7E35300E1F169 /* Mantha_DiceGameTests.xctest */ = {isa = PBXFileReference; explicitFileType = wrapper.cfbundle; includeInIndex = 0; path = Mantha_DiceGameTests.xctest; sourceTree = BUILT_PRODUCTS_DIR; };
		D49B872127C7E35300E1F169 /* Mantha_DiceGameTests.swift */ = {isa = PBXFileReference; lastKnownFileType = sourcecode.swift; path = Mantha_DiceGameTests.swift; sourceTree = "<group>"; };
		D49B872727C7E35300E1F169 /* Mantha_DiceGameUITests.xctest */ = {isa = PBXFileReference; explicitFileType = wrapper.cfbundle; includeInIndex = 0; path = Mantha_DiceGameUITests.xctest; sourceTree = BUILT_PRODUCTS_DIR; };
		D49B872B27C7E35300E1F169 /* Mantha_DiceGameUITests.swift */ = {isa = PBXFileReference; lastKnownFileType = sourcecode.swift; path = Mantha_DiceGameUITests.swift; sourceTree = "<group>"; };
		D49B872D27C7E35300E1F169 /* Mantha_DiceGameUITestsLaunchTests.swift */ = {isa = PBXFileReference; lastKnownFileType = sourcecode.swift; path = Mantha_DiceGameUITestsLaunchTests.swift; sourceTree = "<group>"; };
/* End PBXFileReference section */

/* Begin PBXFrameworksBuildPhase section */
		D49B870427C7E35200E1F169 /* Frameworks */ = {
			isa = PBXFrameworksBuildPhase;
			buildActionMask = 2147483647;
			files = (
			);
			runOnlyForDeploymentPostprocessing = 0;
		};
		D49B871A27C7E35300E1F169 /* Frameworks */ = {
			isa = PBXFrameworksBuildPhase;
			buildActionMask = 2147483647;
			files = (
			);
			runOnlyForDeploymentPostprocessing = 0;
		};
		D49B872427C7E35300E1F169 /* Frameworks */ = {
			isa = PBXFrameworksBuildPhase;
			buildActionMask = 2147483647;
			files = (
			);
			runOnlyForDeploymentPostprocessing = 0;
		};
/* End PBXFrameworksBuildPhase section */

/* Begin PBXGroup section */
		D49B86FE27C7E35200E1F169 = {
			isa = PBXGroup;
			children = (
				D49B870927C7E35200E1F169 /* Mantha_DiceGame */,
				D49B872027C7E35300E1F169 /* Mantha_DiceGameTests */,
				D49B872A27C7E35300E1F169 /* Mantha_DiceGameUITests */,
				D49B870827C7E35200E1F169 /* Products */,
			);
			sourceTree = "<group>";
		};
		D49B870827C7E35200E1F169 /* Products */ = {
			isa = PBXGroup;
			children = (
				D49B870727C7E35200E1F169 /* Mantha_DiceGame.app */,
				D49B871D27C7E35300E1F169 /* Mantha_DiceGameTests.xctest */,
				D49B872727C7E35300E1F169 /* Mantha_DiceGameUITests.xctest */,
			);
			name = Products;
			sourceTree = "<group>";
		};
		D49B870927C7E35200E1F169 /* Mantha_DiceGame */ = {
			isa = PBXGroup;
			children = (
				D49B870A27C7E35200E1F169 /* AppDelegate.swift */,
				D49B870C27C7E35200E1F169 /* SceneDelegate.swift */,
				D49B870E27C7E35200E1F169 /* ViewController.swift */,
				D49B871027C7E35200E1F169 /* Main.storyboard */,
				D49B871327C7E35300E1F169 /* Assets.xcassets */,
				D49B871527C7E35300E1F169 /* LaunchScreen.storyboard */,
				D49B871827C7E35300E1F169 /* Info.plist */,
			);
			path = Mantha_DiceGame;
			sourceTree = "<group>";
		};
		D49B872027C7E35300E1F169 /* Mantha_DiceGameTests */ = {
			isa = PBXGroup;
			children = (
				D49B872127C7E35300E1F169 /* Mantha_DiceGameTests.swift */,
			);
			path = Mantha_DiceGameTests;
			sourceTree = "<group>";
		};
		D49B872A27C7E35300E1F169 /* Mantha_DiceGameUITests */ = {
			isa = PBXGroup;
			children = (
				D49B872B27C7E35300E1F169 /* Mantha_DiceGameUITests.swift */,
				D49B872D27C7E35300E1F169 /* Mantha_DiceGameUITestsLaunchTests.swift */,
			);
			path = Mantha_DiceGameUITests;
			sourceTree = "<group>";
		};
/* End PBXGroup section */

/* Begin PBXNativeTarget section */
		D49B870627C7E35200E1F169 /* Mantha_DiceGame */ = {
			isa = PBXNativeTarget;
			buildConfigurationList = D49B873127C7E35300E1F169 /* Build configuration list for PBXNativeTarget "Mantha_DiceGame" */;
			buildPhases = (
				D49B870327C7E35200E1F169 /* Sources */,
				D49B870427C7E35200E1F169 /* Frameworks */,
				D49B870527C7E35200E1F169 /* Resources */,
			);
			buildRules = (
			);
			dependencies = (
			);
			name = Mantha_DiceGame;
			productName = Mantha_DiceGame;
			productReference = D49B870727C7E35200E1F169 /* Mantha_DiceGame.app */;
			productType = "com.apple.product-type.application";
		};
		D49B871C27C7E35300E1F169 /* Mantha_DiceGameTests */ = {
			isa = PBXNativeTarget;
			buildConfigurationList = D49B873427C7E35300E1F169 /* Build configuration list for PBXNativeTarget "Mantha_DiceGameTests" */;
			buildPhases = (
				D49B871927C7E35300E1F169 /* Sources */,
				D49B871A27C7E35300E1F169 /* Frameworks */,
				D49B871B27C7E35300E1F169 /* Resources */,
			);
			buildRules = (
			);
			dependencies = (
				D49B871F27C7E35300E1F169 /* PBXTargetDependency */,
			);
			name = Mantha_DiceGameTests;
			productName = Mantha_DiceGameTests;
			productReference = D49B871D27C7E35300E1F169 /* Mantha_DiceGameTests.xctest */;
			productType = "com.apple.product-type.bundle.unit-test";
		};
		D49B872627C7E35300E1F169 /* Mantha_DiceGameUITests */ = {
			isa = PBXNativeTarget;
			buildConfigurationList = D49B873727C7E35300E1F169 /* Build configuration list for PBXNativeTarget "Mantha_DiceGameUITests" */;
			buildPhases = (
				D49B872327C7E35300E1F169 /* Sources */,
				D49B872427C7E35300E1F169 /* Frameworks */,
				D49B872527C7E35300E1F169 /* Resources */,
			);
			buildRules = (
			);
			dependencies = (
				D49B872927C7E35300E1F169 /* PBXTargetDependency */,
			);
			name = Mantha_DiceGameUITests;
			productName = Mantha_DiceGameUITests;
			productReference = D49B872727C7E35300E1F169 /* Mantha_DiceGameUITests.xctest */;
			productType = "com.apple.product-type.bundle.ui-testing";
		};
/* End PBXNativeTarget section */

/* Begin PBXProject section */
		D49B86FF27C7E35200E1F169 /* Project object */ = {
			isa = PBXProject;
			attributes = {
				BuildIndependentTargetsInParallel = 1;
				LastSwiftUpdateCheck = 1320;
				LastUpgradeCheck = 1320;
				TargetAttributes = {
					D49B870627C7E35200E1F169 = {
						CreatedOnToolsVersion = 13.2.1;
					};
					D49B871C27C7E35300E1F169 = {
						CreatedOnToolsVersion = 13.2.1;
						TestTargetID = D49B870627C7E35200E1F169;
					};
					D49B872627C7E35300E1F169 = {
						CreatedOnToolsVersion = 13.2.1;
						TestTargetID = D49B870627C7E35200E1F169;
					};
				};
			};
			buildConfigurationList = D49B870227C7E35200E1F169 /* Build configuration list for PBXProject "Mantha_DiceGame" */;
			compatibilityVersion = "Xcode 13.0";
			developmentRegion = en;
			hasScannedForEncodings = 0;
			knownRegions = (
				en,
				Base,
			);
			mainGroup = D49B86FE27C7E35200E1F169;
			productRefGroup = D49B870827C7E35200E1F169 /* Products */;
			projectDirPath = "";
			projectRoot = "";
			targets = (
				D49B870627C7E35200E1F169 /* Mantha_DiceGame */,
				D49B871C27C7E35300E1F169 /* Mantha_DiceGameTests */,
				D49B872627C7E35300E1F169 /* Mantha_DiceGameUITests */,
			);
		};
/* End PBXProject section */

/* Begin PBXResourcesBuildPhase section */
		D49B870527C7E35200E1F169 /* Resources */ = {
			isa = PBXResourcesBuildPhase;
			buildActionMask = 2147483647;
			files = (
				D49B871727C7E35300E1F169 /* LaunchScreen.storyboard in Resources */,
				D49B871427C7E35300E1F169 /* Assets.xcassets in Resources */,
				D49B871227C7E35200E1F169 /* Main.storyboard in Resources */,
			);
			runOnlyForDeploymentPostprocessing = 0;
		};
		D49B871B27C7E35300E1F169 /* Resources */ = {
			isa = PBXResourcesBuildPhase;
			buildActionMask = 2147483647;
			files = (
			);
			runOnlyForDeploymentPostprocessing = 0;
		};
		D49B872527C7E35300E1F169 /* Resources */ = {
			isa = PBXResourcesBuildPhase;
			buildActionMask = 2147483647;
			files = (
			);
			runOnlyForDeploymentPostprocessing = 0;
		};
/* End PBXResourcesBuildPhase section */

/* Begin PBXSourcesBuildPhase section */
		D49B870327C7E35200E1F169 /* Sources */ = {
			isa = PBXSourcesBuildPhase;
			buildActionMask = 2147483647;
			files = (
				D49B870F27C7E35200E1F169 /* ViewController.swift in Sources */,
				D49B870B27C7E35200E1F169 /* AppDelegate.swift in Sources */,
				D49B870D27C7E35200E1F169 /* SceneDelegate.swift in Sources */,
			);
			runOnlyForDeploymentPostprocessing = 0;
		};
		D49B871927C7E35300E1F169 /* Sources */ = {
			isa = PBXSourcesBuildPhase;
			buildActionMask = 2147483647;
			files = (
				D49B872227C7E35300E1F169 /* Mantha_DiceGameTests.swift in Sources */,
			);
			runOnlyForDeploymentPostprocessing = 0;
		};
		D49B872327C7E35300E1F169 /* Sources */ = {
			isa = PBXSourcesBuildPhase;
			buildActionMask = 2147483647;
			files = (
				D49B872E27C7E35300E1F169 /* Mantha_DiceGameUITestsLaunchTests.swift in Sources */,
				D49B872C27C7E35300E1F169 /* Mantha_DiceGameUITests.swift in Sources */,
			);
			runOnlyForDeploymentPostprocessing = 0;
		};
/* End PBXSourcesBuildPhase section */

/* Begin PBXTargetDependency section */
		D49B871F27C7E35300E1F169 /* PBXTargetDependency */ = {
			isa = PBXTargetDependency;
			target = D49B870627C7E35200E1F169 /* Mantha_DiceGame */;
			targetProxy = D49B871E27C7E35300E1F169 /* PBXContainerItemProxy */;
		};
		D49B872927C7E35300E1F169 /* PBXTargetDependency */ = {
			isa = PBXTargetDependency;
			target = D49B870627C7E35200E1F169 /* Mantha_DiceGame */;
			targetProxy = D49B872827C7E35300E1F169 /* PBXContainerItemProxy */;
		};
/* End PBXTargetDependency section */

/* Begin PBXVariantGroup section */
		D49B871027C7E35200E1F169 /* Main.storyboard */ = {
			isa = PBXVariantGroup;
			children = (
				D49B871127C7E35200E1F169 /* Base */,
			);
			name = Main.storyboard;
			sourceTree = "<group>";
		};
		D49B871527C7E35300E1F169 /* LaunchScreen.storyboard */ = {
			isa = PBXVariantGroup;
			children = (
				D49B871627C7E35300E1F169 /* Base */,
			);
			name = LaunchScreen.storyboard;
			sourceTree = "<group>";
		};
/* End PBXVariantGroup section */

/* Begin XCBuildConfiguration section */
		D49B872F27C7E35300E1F169 /* Debug */ = {
			isa = XCBuildConfiguration;
			buildSettings = {
				ALWAYS_SEARCH_USER_PATHS = NO;
				CLANG_ANALYZER_NONNULL = YES;
				CLANG_ANALYZER_NUMBER_OBJECT_CONVERSION = YES_AGGRESSIVE;
				CLANG_CXX_LANGUAGE_STANDARD = "gnu++17";
				CLANG_CXX_LIBRARY = "libc++";
				CLANG_ENABLE_MODULES = YES;
				CLANG_ENABLE_OBJC_ARC = YES;
				CLANG_ENABLE_OBJC_WEAK = YES;
				CLANG_WARN_BLOCK_CAPTURE_AUTORELEASING = YES;
				CLANG_WARN_BOOL_CONVERSION = YES;
				CLANG_WARN_COMMA = YES;
				CLANG_WARN_CONSTANT_CONVERSION = YES;
				CLANG_WARN_DEPRECATED_OBJC_IMPLEMENTATIONS = YES;
				CLANG_WARN_DIRECT_OBJC_ISA_USAGE = YES_ERROR;
				CLANG_WARN_DOCUMENTATION_COMMENTS = YES;
				CLANG_WARN_EMPTY_BODY = YES;
				CLANG_WARN_ENUM_CONVERSION = YES;
				CLANG_WARN_INFINITE_RECURSION = YES;
				CLANG_WARN_INT_CONVERSION = YES;
				CLANG_WARN_NON_LITERAL_NULL_CONVERSION = YES;
				CLANG_WARN_OBJC_IMPLICIT_RETAIN_SELF = YES;
				CLANG_WARN_OBJC_LITERAL_CONVERSION = YES;
				CLANG_WARN_OBJC_ROOT_CLASS = YES_ERROR;
				CLANG_WARN_QUOTED_INCLUDE_IN_FRAMEWORK_HEADER = YES;
				CLANG_WARN_RANGE_LOOP_ANALYSIS = YES;
				CLANG_WARN_STRICT_PROTOTYPES = YES;
				CLANG_WARN_SUSPICIOUS_MOVE = YES;
				CLANG_WARN_UNGUARDED_AVAILABILITY = YES_AGGRESSIVE;
				CLANG_WARN_UNREACHABLE_CODE = YES;
				CLANG_WARN__DUPLICATE_METHOD_MATCH = YES;
				COPY_PHASE_STRIP = NO;
				DEBUG_INFORMATION_FORMAT = dwarf;
				ENABLE_STRICT_OBJC_MSGSEND = YES;
				ENABLE_TESTABILITY = YES;
				GCC_C_LANGUAGE_STANDARD = gnu11;
				GCC_DYNAMIC_NO_PIC = NO;
				GCC_NO_COMMON_BLOCKS = YES;
				GCC_OPTIMIZATION_LEVEL = 0;
				GCC_PREPROCESSOR_DEFINITIONS = (
					"DEBUG=1",
					"$(inherited)",
				);
				GCC_WARN_64_TO_32_BIT_CONVERSION = YES;
				GCC_WARN_ABOUT_RETURN_TYPE = YES_ERROR;
				GCC_WARN_UNDECLARED_SELECTOR = YES;
				GCC_WARN_UNINITIALIZED_AUTOS = YES_AGGRESSIVE;
				GCC_WARN_UNUSED_FUNCTION = YES;
				GCC_WARN_UNUSED_VARIABLE = YES;
				IPHONEOS_DEPLOYMENT_TARGET = 15.2;
				MTL_ENABLE_DEBUG_INFO = INCLUDE_SOURCE;
				MTL_FAST_MATH = YES;
				ONLY_ACTIVE_ARCH = YES;
				SDKROOT = iphoneos;
				SWIFT_ACTIVE_COMPILATION_CONDITIONS = DEBUG;
				SWIFT_OPTIMIZATION_LEVEL = "-Onone";
			};
			name = Debug;
		};
		D49B873027C7E35300E1F169 /* Release */ = {
			isa = XCBuildConfiguration;
			buildSettings = {
				ALWAYS_SEARCH_USER_PATHS = NO;
				CLANG_ANALYZER_NONNULL = YES;
				CLANG_ANALYZER_NUMBER_OBJECT_CONVERSION = YES_AGGRESSIVE;
				CLANG_CXX_LANGUAGE_STANDARD = "gnu++17";
				CLANG_CXX_LIBRARY = "libc++";
				CLANG_ENABLE_MODULES = YES;
				CLANG_ENABLE_OBJC_ARC = YES;
				CLANG_ENABLE_OBJC_WEAK = YES;
				CLANG_WARN_BLOCK_CAPTURE_AUTORELEASING = YES;
				CLANG_WARN_BOOL_CONVERSION = YES;
				CLANG_WARN_COMMA = YES;
				CLANG_WARN_CONSTANT_CONVERSION = YES;
				CLANG_WARN_DEPRECATED_OBJC_IMPLEMENTATIONS = YES;
				CLANG_WARN_DIRECT_OBJC_ISA_USAGE = YES_ERROR;
				CLANG_WARN_DOCUMENTATION_COMMENTS = YES;
				CLANG_WARN_EMPTY_BODY = YES;
				CLANG_WARN_ENUM_CONVERSION = YES;
				CLANG_WARN_INFINITE_RECURSION = YES;
				CLANG_WARN_INT_CONVERSION = YES;
				CLANG_WARN_NON_LITERAL_NULL_CONVERSION = YES;
				CLANG_WARN_OBJC_IMPLICIT_RETAIN_SELF = YES;
				CLANG_WARN_OBJC_LITERAL_CONVERSION = YES;
				CLANG_WARN_OBJC_ROOT_CLASS = YES_ERROR;
				CLANG_WARN_QUOTED_INCLUDE_IN_FRAMEWORK_HEADER = YES;
				CLANG_WARN_RANGE_LOOP_ANALYSIS = YES;
				CLANG_WARN_STRICT_PROTOTYPES = YES;
				CLANG_WARN_SUSPICIOUS_MOVE = YES;
				CLANG_WARN_UNGUARDED_AVAILABILITY = YES_AGGRESSIVE;
				CLANG_WARN_UNREACHABLE_CODE = YES;
				CLANG_WARN__DUPLICATE_METHOD_MATCH = YES;
				COPY_PHASE_STRIP = NO;
				DEBUG_INFORMATION_FORMAT = "dwarf-with-dsym";
				ENABLE_NS_ASSERTIONS = NO;
				ENABLE_STRICT_OBJC_MSGSEND = YES;
				GCC_C_LANGUAGE_STANDARD = gnu11;
				GCC_NO_COMMON_BLOCKS = YES;
				GCC_WARN_64_TO_32_BIT_CONVERSION = YES;
				GCC_WARN_ABOUT_RETURN_TYPE = YES_ERROR;
				GCC_WARN_UNDECLARED_SELECTOR = YES;
				GCC_WARN_UNINITIALIZED_AUTOS = YES_AGGRESSIVE;
				GCC_WARN_UNUSED_FUNCTION = YES;
				GCC_WARN_UNUSED_VARIABLE = YES;
				IPHONEOS_DEPLOYMENT_TARGET = 15.2;
				MTL_ENABLE_DEBUG_INFO = NO;
				MTL_FAST_MATH = YES;
				SDKROOT = iphoneos;
				SWIFT_COMPILATION_MODE = wholemodule;
				SWIFT_OPTIMIZATION_LEVEL = "-O";
				VALIDATE_PRODUCT = YES;
			};
			name = Release;
		};
		D49B873227C7E35300E1F169 /* Debug */ = {
			isa = XCBuildConfiguration;
			buildSettings = {
				ASSETCATALOG_COMPILER_APPICON_NAME = AppIcon;
				ASSETCATALOG_COMPILER_GLOBAL_ACCENT_COLOR_NAME = AccentColor;
				CODE_SIGN_STYLE = Automatic;
				CURRENT_PROJECT_VERSION = 1;
				GENERATE_INFOPLIST_FILE = YES;
				INFOPLIST_FILE = Mantha_DiceGame/Info.plist;
				INFOPLIST_KEY_CFBundleDisplayName = Mantha_DiceGame;
				INFOPLIST_KEY_UIApplicationSupportsIndirectInputEvents = YES;
				INFOPLIST_KEY_UILaunchStoryboardName = LaunchScreen;
				INFOPLIST_KEY_UIMainStoryboardFile = Main;
				INFOPLIST_KEY_UISupportedInterfaceOrientations_iPad = "UIInterfaceOrientationPortrait UIInterfaceOrientationPortraitUpsideDown UIInterfaceOrientationLandscapeLeft UIInterfaceOrientationLandscapeRight";
				INFOPLIST_KEY_UISupportedInterfaceOrientations_iPhone = "UIInterfaceOrientationPortrait UIInterfaceOrientationLandscapeLeft UIInterfaceOrientationLandscapeRight";
				LD_RUNPATH_SEARCH_PATHS = (
					"$(inherited)",
					"@executable_path/Frameworks",
				);
				MARKETING_VERSION = 1.0;
				PRODUCT_BUNDLE_IDENTIFIER = "NWMSU.Mantha-DiceGame";
				PRODUCT_NAME = "$(TARGET_NAME)";
				SWIFT_EMIT_LOC_STRINGS = YES;
				SWIFT_VERSION = 5.0;
				TARGETED_DEVICE_FAMILY = "1,2";
			};
			name = Debug;
		};
		D49B873327C7E35300E1F169 /* Release */ = {
			isa = XCBuildConfiguration;
			buildSettings = {
				ASSETCATALOG_COMPILER_APPICON_NAME = AppIcon;
				ASSETCATALOG_COMPILER_GLOBAL_ACCENT_COLOR_NAME = AccentColor;
				CODE_SIGN_STYLE = Automatic;
				CURRENT_PROJECT_VERSION = 1;
				GENERATE_INFOPLIST_FILE = YES;
				INFOPLIST_FILE = Mantha_DiceGame/Info.plist;
				INFOPLIST_KEY_CFBundleDisplayName = Mantha_DiceGame;
				INFOPLIST_KEY_UIApplicationSupportsIndirectInputEvents = YES;
				INFOPLIST_KEY_UILaunchStoryboardName = LaunchScreen;
				INFOPLIST_KEY_UIMainStoryboardFile = Main;
				INFOPLIST_KEY_UISupportedInterfaceOrientations_iPad = "UIInterfaceOrientationPortrait UIInterfaceOrientationPortraitUpsideDown UIInterfaceOrientationLandscapeLeft UIInterfaceOrientationLandscapeRight";
				INFOPLIST_KEY_UISupportedInterfaceOrientations_iPhone = "UIInterfaceOrientationPortrait UIInterfaceOrientationLandscapeLeft UIInterfaceOrientationLandscapeRight";
				LD_RUNPATH_SEARCH_PATHS = (
					"$(inherited)",
					"@executable_path/Frameworks",
				);
				MARKETING_VERSION = 1.0;
				PRODUCT_BUNDLE_IDENTIFIER = "NWMSU.Mantha-DiceGame";
				PRODUCT_NAME = "$(TARGET_NAME)";
				SWIFT_EMIT_LOC_STRINGS = YES;
				SWIFT_VERSION = 5.0;
				TARGETED_DEVICE_FAMILY = "1,2";
			};
			name = Release;
		};
		D49B873527C7E35300E1F169 /* Debug */ = {
			isa = XCBuildConfiguration;
			buildSettings = {
				ALWAYS_EMBED_SWIFT_STANDARD_LIBRARIES = YES;
				BUNDLE_LOADER = "$(TEST_HOST)";
				CODE_SIGN_STYLE = Automatic;
				CURRENT_PROJECT_VERSION = 1;
				GENERATE_INFOPLIST_FILE = YES;
				IPHONEOS_DEPLOYMENT_TARGET = 15.2;
				MARKETING_VERSION = 1.0;
				PRODUCT_BUNDLE_IDENTIFIER = "NWMSU.Mantha-DiceGameTests";
				PRODUCT_NAME = "$(TARGET_NAME)";
				SWIFT_EMIT_LOC_STRINGS = NO;
				SWIFT_VERSION = 5.0;
				TARGETED_DEVICE_FAMILY = "1,2";
				TEST_HOST = "$(BUILT_PRODUCTS_DIR)/Mantha_DiceGame.app/Mantha_DiceGame";
			};
			name = Debug;
		};
		D49B873627C7E35300E1F169 /* Release */ = {
			isa = XCBuildConfiguration;
			buildSettings = {
				ALWAYS_EMBED_SWIFT_STANDARD_LIBRARIES = YES;
				BUNDLE_LOADER = "$(TEST_HOST)";
				CODE_SIGN_STYLE = Automatic;
				CURRENT_PROJECT_VERSION = 1;
				GENERATE_INFOPLIST_FILE = YES;
				IPHONEOS_DEPLOYMENT_TARGET = 15.2;
				MARKETING_VERSION = 1.0;
				PRODUCT_BUNDLE_IDENTIFIER = "NWMSU.Mantha-DiceGameTests";
				PRODUCT_NAME = "$(TARGET_NAME)";
				SWIFT_EMIT_LOC_STRINGS = NO;
				SWIFT_VERSION = 5.0;
				TARGETED_DEVICE_FAMILY = "1,2";
				TEST_HOST = "$(BUILT_PRODUCTS_DIR)/Mantha_DiceGame.app/Mantha_DiceGame";
			};
			name = Release;
		};
		D49B873827C7E35300E1F169 /* Debug */ = {
			isa = XCBuildConfiguration;
			buildSettings = {
				ALWAYS_EMBED_SWIFT_STANDARD_LIBRARIES = YES;
				CODE_SIGN_STYLE = Automatic;
				CURRENT_PROJECT_VERSION = 1;
				GENERATE_INFOPLIST_FILE = YES;
				MARKETING_VERSION = 1.0;
				PRODUCT_BUNDLE_IDENTIFIER = "NWMSU.Mantha-DiceGameUITests";
				PRODUCT_NAME = "$(TARGET_NAME)";
				SWIFT_EMIT_LOC_STRINGS = NO;
				SWIFT_VERSION = 5.0;
				TARGETED_DEVICE_FAMILY = "1,2";
				TEST_TARGET_NAME = Mantha_DiceGame;
			};
			name = Debug;
		};
		D49B873927C7E35300E1F169 /* Release */ = {
			isa = XCBuildConfiguration;
			buildSettings = {
				ALWAYS_EMBED_SWIFT_STANDARD_LIBRARIES = YES;
				CODE_SIGN_STYLE = Automatic;
				CURRENT_PROJECT_VERSION = 1;
				GENERATE_INFOPLIST_FILE = YES;
				MARKETING_VERSION = 1.0;
				PRODUCT_BUNDLE_IDENTIFIER = "NWMSU.Mantha-DiceGameUITests";
				PRODUCT_NAME = "$(TARGET_NAME)";
				SWIFT_EMIT_LOC_STRINGS = NO;
				SWIFT_VERSION = 5.0;
				TARGETED_DEVICE_FAMILY = "1,2";
				TEST_TARGET_NAME = Mantha_DiceGame;
			};
			name = Release;
		};
/* End XCBuildConfiguration section */

/* Begin XCConfigurationList section */
		D49B870227C7E35200E1F169 /* Build configuration list for PBXProject "Mantha_DiceGame" */ = {
			isa = XCConfigurationList;
			buildConfigurations = (
				D49B872F27C7E35300E1F169 /* Debug */,
				D49B873027C7E35300E1F169 /* Release */,
			);
			defaultConfigurationIsVisible = 0;
			defaultConfigurationName = Release;
		};
		D49B873127C7E35300E1F169 /* Build configuration list for PBXNativeTarget "Mantha_DiceGame" */ = {
			isa = XCConfigurationList;
			buildConfigurations = (
				D49B873227C7E35300E1F169 /* Debug */,
				D49B873327C7E35300E1F169 /* Release */,
			);
			defaultConfigurationIsVisible = 0;
			defaultConfigurationName = Release;
		};
		D49B873427C7E35300E1F169 /* Build configuration list for PBXNativeTarget "Mantha_DiceGameTests" */ = {
			isa = XCConfigurationList;
			buildConfigurations = (
				D49B873527C7E35300E1F169 /* Debug */,
				D49B873627C7E35300E1F169 /* Release */,
			);
			defaultConfigurationIsVisible = 0;
			defaultConfigurationName = Release;
		};
		D49B873727C7E35300E1F169 /* Build configuration list for PBXNativeTarget "Mantha_DiceGameUITests" */ = {
			isa = XCConfigurationList;
			buildConfigurations = (
				D49B873827C7E35300E1F169 /* Debug */,
				D49B873927C7E35300E1F169 /* Release */,
			);
			defaultConfigurationIsVisible = 0;
			defaultConfigurationName = Release;
		};
/* End XCConfigurationList section */
	};
	rootObject = D49B86FF27C7E35200E1F169 /* Project object */;
}
